// !$*UTF8*$!
{
	archiveVersion = 1;
	classes = {
	};
	objectVersion = 56;
	objects = {

/* Begin PBXBuildFile section */
		C760D56F29367953005951BA /* OnboardCardView.swift in Sources */ = {isa = PBXBuildFile; fileRef = C760D56E29367953005951BA /* OnboardCardView.swift */; };
		C760D57229367D6F005951BA /* StartButtonView.swift in Sources */ = {isa = PBXBuildFile; fileRef = C760D57129367D6F005951BA /* StartButtonView.swift */; };
		C760D57429372662005951BA /* OnboardView.swift in Sources */ = {isa = PBXBuildFile; fileRef = C760D57329372662005951BA /* OnboardView.swift */; };
		C7BB9F07293656FF005C0D09 /* SwiftUI_FruitsAppApp.swift in Sources */ = {isa = PBXBuildFile; fileRef = C7BB9F06293656FF005C0D09 /* SwiftUI_FruitsAppApp.swift */; };
		C7BB9F0B29365701005C0D09 /* Assets.xcassets in Resources */ = {isa = PBXBuildFile; fileRef = C7BB9F0A29365701005C0D09 /* Assets.xcassets */; };
		C7BB9F0E29365701005C0D09 /* Preview Assets.xcassets in Resources */ = {isa = PBXBuildFile; fileRef = C7BB9F0D29365701005C0D09 /* Preview Assets.xcassets */; };
		C7D3BABA2938C8B000644593 /* FruitModel.swift in Sources */ = {isa = PBXBuildFile; fileRef = C7D3BAB92938C8B000644593 /* FruitModel.swift */; };
		C7D3BABD2938D11600644593 /* HomePageView.swift in Sources */ = {isa = PBXBuildFile; fileRef = C7D3BABC2938D11600644593 /* HomePageView.swift */; };
		C7D3BABF2938D49A00644593 /* FruitRowView.swift in Sources */ = {isa = PBXBuildFile; fileRef = C7D3BABE2938D49A00644593 /* FruitRowView.swift */; };
		C7D3BAC22938DE8800644593 /* FruitDetailsView.swift in Sources */ = {isa = PBXBuildFile; fileRef = C7D3BAC12938DE8800644593 /* FruitDetailsView.swift */; };
		C7D3BAC42938E84F00644593 /* FruitHeaderImageView.swift in Sources */ = {isa = PBXBuildFile; fileRef = C7D3BAC32938E84F00644593 /* FruitHeaderImageView.swift */; };
		C7D3BAC62938E86500644593 /* SourceLinkView.swift in Sources */ = {isa = PBXBuildFile; fileRef = C7D3BAC52938E86500644593 /* SourceLinkView.swift */; };
/* End PBXBuildFile section */

/* Begin PBXFileReference section */
		C760D56E29367953005951BA /* OnboardCardView.swift */ = {isa = PBXFileReference; lastKnownFileType = sourcecode.swift; path = OnboardCardView.swift; sourceTree = "<group>"; };
		C760D57129367D6F005951BA /* StartButtonView.swift */ = {isa = PBXFileReference; lastKnownFileType = sourcecode.swift; path = StartButtonView.swift; sourceTree = "<group>"; };
		C760D57329372662005951BA /* OnboardView.swift */ = {isa = PBXFileReference; lastKnownFileType = sourcecode.swift; path = OnboardView.swift; sourceTree = "<group>"; };
		C7BB9F03293656FF005C0D09 /* SwiftUI-FruitsApp.app */ = {isa = PBXFileReference; explicitFileType = wrapper.application; includeInIndex = 0; path = "SwiftUI-FruitsApp.app"; sourceTree = BUILT_PRODUCTS_DIR; };
		C7BB9F06293656FF005C0D09 /* SwiftUI_FruitsAppApp.swift */ = {isa = PBXFileReference; lastKnownFileType = sourcecode.swift; path = SwiftUI_FruitsAppApp.swift; sourceTree = "<group>"; };
		C7BB9F0A29365701005C0D09 /* Assets.xcassets */ = {isa = PBXFileReference; lastKnownFileType = folder.assetcatalog; path = Assets.xcassets; sourceTree = "<group>"; };
		C7BB9F0D29365701005C0D09 /* Preview Assets.xcassets */ = {isa = PBXFileReference; lastKnownFileType = folder.assetcatalog; path = "Preview Assets.xcassets"; sourceTree = "<group>"; };
		C7D3BAB92938C8B000644593 /* FruitModel.swift */ = {isa = PBXFileReference; lastKnownFileType = sourcecode.swift; path = FruitModel.swift; sourceTree = "<group>"; };
		C7D3BABC2938D11600644593 /* HomePageView.swift */ = {isa = PBXFileReference; lastKnownFileType = sourcecode.swift; path = HomePageView.swift; sourceTree = "<group>"; };
		C7D3BABE2938D49A00644593 /* FruitRowView.swift */ = {isa = PBXFileReference; lastKnownFileType = sourcecode.swift; path = FruitRowView.swift; sourceTree = "<group>"; };
		C7D3BAC12938DE8800644593 /* FruitDetailsView.swift */ = {isa = PBXFileReference; lastKnownFileType = sourcecode.swift; path = FruitDetailsView.swift; sourceTree = "<group>"; };
		C7D3BAC32938E84F00644593 /* FruitHeaderImageView.swift */ = {isa = PBXFileReference; lastKnownFileType = sourcecode.swift; path = FruitHeaderImageView.swift; sourceTree = "<group>"; };
		C7D3BAC52938E86500644593 /* SourceLinkView.swift */ = {isa = PBXFileReference; lastKnownFileType = sourcecode.swift; path = SourceLinkView.swift; sourceTree = "<group>"; };
/* End PBXFileReference section */

/* Begin PBXFrameworksBuildPhase section */
		C7BB9F00293656FF005C0D09 /* Frameworks */ = {
			isa = PBXFrameworksBuildPhase;
			buildActionMask = 2147483647;
			files = (
			);
			runOnlyForDeploymentPostprocessing = 0;
		};
/* End PBXFrameworksBuildPhase section */

/* Begin PBXGroup section */
		C760D56C2936770A005951BA /* App */ = {
			isa = PBXGroup;
			children = (
				C7BB9F06293656FF005C0D09 /* SwiftUI_FruitsAppApp.swift */,
			);
			path = App;
			sourceTree = "<group>";
		};
		C760D56D29367932005951BA /* Onboarding */ = {
			isa = PBXGroup;
			children = (
				C760D57329372662005951BA /* OnboardView.swift */,
				C760D56E29367953005951BA /* OnboardCardView.swift */,
			);
			path = Onboarding;
			sourceTree = "<group>";
		};
		C760D57029367D61005951BA /* View */ = {
			isa = PBXGroup;
			children = (
				C760D57129367D6F005951BA /* StartButtonView.swift */,
			);
			path = View;
			sourceTree = "<group>";
		};
		C7BB9EFA293656FF005C0D09 = {
			isa = PBXGroup;
			children = (
				C7BB9F05293656FF005C0D09 /* SwiftUI-FruitsApp */,
				C7BB9F04293656FF005C0D09 /* Products */,
			);
			sourceTree = "<group>";
		};
		C7BB9F04293656FF005C0D09 /* Products */ = {
			isa = PBXGroup;
			children = (
				C7BB9F03293656FF005C0D09 /* SwiftUI-FruitsApp.app */,
			);
			name = Products;
			sourceTree = "<group>";
		};
		C7BB9F05293656FF005C0D09 /* SwiftUI-FruitsApp */ = {
			isa = PBXGroup;
			children = (
				C7D3BAC02938DE7400644593 /* Fruit Details */,
				C7D3BAB82938C88500644593 /* Model */,
				C760D57029367D61005951BA /* View */,
				C760D56D29367932005951BA /* Onboarding */,
				C7D3BABB2938D0FF00644593 /* Home */,
				C760D56C2936770A005951BA /* App */,
				C7BB9F0A29365701005C0D09 /* Assets.xcassets */,
				C7BB9F0C29365701005C0D09 /* Preview Content */,
			);
			path = "SwiftUI-FruitsApp";
			sourceTree = "<group>";
		};
		C7BB9F0C29365701005C0D09 /* Preview Content */ = {
			isa = PBXGroup;
			children = (
				C7BB9F0D29365701005C0D09 /* Preview Assets.xcassets */,
			);
			path = "Preview Content";
			sourceTree = "<group>";
		};
		C7D3BAB82938C88500644593 /* Model */ = {
			isa = PBXGroup;
			children = (
				C7D3BAB92938C8B000644593 /* FruitModel.swift */,
			);
			path = Model;
			sourceTree = "<group>";
		};
		C7D3BABB2938D0FF00644593 /* Home */ = {
			isa = PBXGroup;
			children = (
				C7D3BABC2938D11600644593 /* HomePageView.swift */,
				C7D3BABE2938D49A00644593 /* FruitRowView.swift */,
			);
			path = Home;
			sourceTree = "<group>";
		};
		C7D3BAC02938DE7400644593 /* Fruit Details */ = {
			isa = PBXGroup;
			children = (
				C7D3BAC12938DE8800644593 /* FruitDetailsView.swift */,
				C7D3BAC32938E84F00644593 /* FruitHeaderImageView.swift */,
				C7D3BAC52938E86500644593 /* SourceLinkView.swift */,
			);
			path = "Fruit Details";
			sourceTree = "<group>";
		};
/* End PBXGroup section */

/* Begin PBXNativeTarget section */
		C7BB9F02293656FF005C0D09 /* SwiftUI-FruitsApp */ = {
			isa = PBXNativeTarget;
			buildConfigurationList = C7BB9F1129365701005C0D09 /* Build configuration list for PBXNativeTarget "SwiftUI-FruitsApp" */;
			buildPhases = (
				C7BB9EFF293656FF005C0D09 /* Sources */,
				C7BB9F00293656FF005C0D09 /* Frameworks */,
				C7BB9F01293656FF005C0D09 /* Resources */,
			);
			buildRules = (
			);
			dependencies = (
			);
			name = "SwiftUI-FruitsApp";
			productName = "SwiftUI-FruitsApp";
			productReference = C7BB9F03293656FF005C0D09 /* SwiftUI-FruitsApp.app */;
			productType = "com.apple.product-type.application";
		};
/* End PBXNativeTarget section */

/* Begin PBXProject section */
		C7BB9EFB293656FF005C0D09 /* Project object */ = {
			isa = PBXProject;
			attributes = {
				BuildIndependentTargetsInParallel = 1;
				LastSwiftUpdateCheck = 1410;
				LastUpgradeCheck = 1410;
				TargetAttributes = {
					C7BB9F02293656FF005C0D09 = {
						CreatedOnToolsVersion = 14.1;
					};
				};
			};
			buildConfigurationList = C7BB9EFE293656FF005C0D09 /* Build configuration list for PBXProject "SwiftUI-FruitsApp" */;
			compatibilityVersion = "Xcode 14.0";
			developmentRegion = en;
			hasScannedForEncodings = 0;
			knownRegions = (
				en,
				Base,
			);
			mainGroup = C7BB9EFA293656FF005C0D09;
			productRefGroup = C7BB9F04293656FF005C0D09 /* Products */;
			projectDirPath = "";
			projectRoot = "";
			targets = (
				C7BB9F02293656FF005C0D09 /* SwiftUI-FruitsApp */,
			);
		};
/* End PBXProject section */

/* Begin PBXResourcesBuildPhase section */
		C7BB9F01293656FF005C0D09 /* Resources */ = {
			isa = PBXResourcesBuildPhase;
			buildActionMask = 2147483647;
			files = (
				C7BB9F0E29365701005C0D09 /* Preview Assets.xcassets in Resources */,
				C7BB9F0B29365701005C0D09 /* Assets.xcassets in Resources */,
			);
			runOnlyForDeploymentPostprocessing = 0;
		};
/* End PBXResourcesBuildPhase section */

/* Begin PBXSourcesBuildPhase section */
		C7BB9EFF293656FF005C0D09 /* Sources */ = {
			isa = PBXSourcesBuildPhase;
			buildActionMask = 2147483647;
			files = (
				C760D57429372662005951BA /* OnboardView.swift in Sources */,
				C7D3BAC62938E86500644593 /* SourceLinkView.swift in Sources */,
				C7D3BAC42938E84F00644593 /* FruitHeaderImageView.swift in Sources */,
				C760D57229367D6F005951BA /* StartButtonView.swift in Sources */,
				C7D3BABF2938D49A00644593 /* FruitRowView.swift in Sources */,
				C760D56F29367953005951BA /* OnboardCardView.swift in Sources */,
				C7D3BAC22938DE8800644593 /* FruitDetailsView.swift in Sources */,
				C7D3BABA2938C8B000644593 /* FruitModel.swift in Sources */,
				C7D3BABD2938D11600644593 /* HomePageView.swift in Sources */,
				C7BB9F07293656FF005C0D09 /* SwiftUI_FruitsAppApp.swift in Sources */,
			);
			runOnlyForDeploymentPostprocessing = 0;
		};
/* End PBXSourcesBuildPhase section */

/* Begin XCBuildConfiguration section */
		C7BB9F0F29365701005C0D09 /* Debug */ = {
			isa = XCBuildConfiguration;
			buildSettings = {
				ALWAYS_SEARCH_USER_PATHS = NO;
				CLANG_ANALYZER_NONNULL = YES;
				CLANG_ANALYZER_NUMBER_OBJECT_CONVERSION = YES_AGGRESSIVE;
				CLANG_CXX_LANGUAGE_STANDARD = "gnu++20";
				CLANG_ENABLE_MODULES = YES;
				CLANG_ENABLE_OBJC_ARC = YES;
				CLANG_ENABLE_OBJC_WEAK = YES;
				CLANG_WARN_BLOCK_CAPTURE_AUTORELEASING = YES;
				CLANG_WARN_BOOL_CONVERSION = YES;
				CLANG_WARN_COMMA = YES;
				CLANG_WARN_CONSTANT_CONVERSION = YES;
				CLANG_WARN_DEPRECATED_OBJC_IMPLEMENTATIONS = YES;
				CLANG_WARN_DIRECT_OBJC_ISA_USAGE = YES_ERROR;
				CLANG_WARN_DOCUMENTATION_COMMENTS = YES;
				CLANG_WARN_EMPTY_BODY = YES;
				CLANG_WARN_ENUM_CONVERSION = YES;
				CLANG_WARN_INFINITE_RECURSION = YES;
				CLANG_WARN_INT_CONVERSION = YES;
				CLANG_WARN_NON_LITERAL_NULL_CONVERSION = YES;
				CLANG_WARN_OBJC_IMPLICIT_RETAIN_SELF = YES;
				CLANG_WARN_OBJC_LITERAL_CONVERSION = YES;
				CLANG_WARN_OBJC_ROOT_CLASS = YES_ERROR;
				CLANG_WARN_QUOTED_INCLUDE_IN_FRAMEWORK_HEADER = YES;
				CLANG_WARN_RANGE_LOOP_ANALYSIS = YES;
				CLANG_WARN_STRICT_PROTOTYPES = YES;
				CLANG_WARN_SUSPICIOUS_MOVE = YES;
				CLANG_WARN_UNGUARDED_AVAILABILITY = YES_AGGRESSIVE;
				CLANG_WARN_UNREACHABLE_CODE = YES;
				CLANG_WARN__DUPLICATE_METHOD_MATCH = YES;
				COPY_PHASE_STRIP = NO;
				DEBUG_INFORMATION_FORMAT = dwarf;
				ENABLE_STRICT_OBJC_MSGSEND = YES;
				ENABLE_TESTABILITY = YES;
				GCC_C_LANGUAGE_STANDARD = gnu11;
				GCC_DYNAMIC_NO_PIC = NO;
				GCC_NO_COMMON_BLOCKS = YES;
				GCC_OPTIMIZATION_LEVEL = 0;
				GCC_PREPROCESSOR_DEFINITIONS = (
					"DEBUG=1",
					"$(inherited)",
				);
				GCC_WARN_64_TO_32_BIT_CONVERSION = YES;
				GCC_WARN_ABOUT_RETURN_TYPE = YES_ERROR;
				GCC_WARN_UNDECLARED_SELECTOR = YES;
				GCC_WARN_UNINITIALIZED_AUTOS = YES_AGGRESSIVE;
				GCC_WARN_UNUSED_FUNCTION = YES;
				GCC_WARN_UNUSED_VARIABLE = YES;
				IPHONEOS_DEPLOYMENT_TARGET = 16.1;
				MTL_ENABLE_DEBUG_INFO = INCLUDE_SOURCE;
				MTL_FAST_MATH = YES;
				ONLY_ACTIVE_ARCH = YES;
				SDKROOT = iphoneos;
				SWIFT_ACTIVE_COMPILATION_CONDITIONS = DEBUG;
				SWIFT_OPTIMIZATION_LEVEL = "-Onone";
			};
			name = Debug;
		};
		C7BB9F1029365701005C0D09 /* Release */ = {
			isa = XCBuildConfiguration;
			buildSettings = {
				ALWAYS_SEARCH_USER_PATHS = NO;
				CLANG_ANALYZER_NONNULL = YES;
				CLANG_ANALYZER_NUMBER_OBJECT_CONVERSION = YES_AGGRESSIVE;
				CLANG_CXX_LANGUAGE_STANDARD = "gnu++20";
				CLANG_ENABLE_MODULES = YES;
				CLANG_ENABLE_OBJC_ARC = YES;
				CLANG_ENABLE_OBJC_WEAK = YES;
				CLANG_WARN_BLOCK_CAPTURE_AUTORELEASING = YES;
				CLANG_WARN_BOOL_CONVERSION = YES;
				CLANG_WARN_COMMA = YES;
				CLANG_WARN_CONSTANT_CONVERSION = YES;
				CLANG_WARN_DEPRECATED_OBJC_IMPLEMENTATIONS = YES;
				CLANG_WARN_DIRECT_OBJC_ISA_USAGE = YES_ERROR;
				CLANG_WARN_DOCUMENTATION_COMMENTS = YES;
				CLANG_WARN_EMPTY_BODY = YES;
				CLANG_WARN_ENUM_CONVERSION = YES;
				CLANG_WARN_INFINITE_RECURSION = YES;
				CLANG_WARN_INT_CONVERSION = YES;
				CLANG_WARN_NON_LITERAL_NULL_CONVERSION = YES;
				CLANG_WARN_OBJC_IMPLICIT_RETAIN_SELF = YES;
				CLANG_WARN_OBJC_LITERAL_CONVERSION = YES;
				CLANG_WARN_OBJC_ROOT_CLASS = YES_ERROR;
				CLANG_WARN_QUOTED_INCLUDE_IN_FRAMEWORK_HEADER = YES;
				CLANG_WARN_RANGE_LOOP_ANALYSIS = YES;
				CLANG_WARN_STRICT_PROTOTYPES = YES;
				CLANG_WARN_SUSPICIOUS_MOVE = YES;
				CLANG_WARN_UNGUARDED_AVAILABILITY = YES_AGGRESSIVE;
				CLANG_WARN_UNREACHABLE_CODE = YES;
				CLANG_WARN__DUPLICATE_METHOD_MATCH = YES;
				COPY_PHASE_STRIP = NO;
				DEBUG_INFORMATION_FORMAT = "dwarf-with-dsym";
				ENABLE_NS_ASSERTIONS = NO;
				ENABLE_STRICT_OBJC_MSGSEND = YES;
				GCC_C_LANGUAGE_STANDARD = gnu11;
				GCC_NO_COMMON_BLOCKS = YES;
				GCC_WARN_64_TO_32_BIT_CONVERSION = YES;
				GCC_WARN_ABOUT_RETURN_TYPE = YES_ERROR;
				GCC_WARN_UNDECLARED_SELECTOR = YES;
				GCC_WARN_UNINITIALIZED_AUTOS = YES_AGGRESSIVE;
				GCC_WARN_UNUSED_FUNCTION = YES;
				GCC_WARN_UNUSED_VARIABLE = YES;
				IPHONEOS_DEPLOYMENT_TARGET = 16.1;
				MTL_ENABLE_DEBUG_INFO = NO;
				MTL_FAST_MATH = YES;
				SDKROOT = iphoneos;
				SWIFT_COMPILATION_MODE = wholemodule;
				SWIFT_OPTIMIZATION_LEVEL = "-O";
				VALIDATE_PRODUCT = YES;
			};
			name = Release;
		};
		C7BB9F1229365701005C0D09 /* Debug */ = {
			isa = XCBuildConfiguration;
			buildSettings = {
				ASSETCATALOG_COMPILER_APPICON_NAME = AppIcon;
				ASSETCATALOG_COMPILER_GLOBAL_ACCENT_COLOR_NAME = AccentColor;
				CODE_SIGN_STYLE = Automatic;
				CURRENT_PROJECT_VERSION = 1;
				DEVELOPMENT_ASSET_PATHS = "\"SwiftUI-FruitsApp/Preview Content\"";
				DEVELOPMENT_TEAM = SV2VAC6NH9;
				ENABLE_PREVIEWS = YES;
				GENERATE_INFOPLIST_FILE = YES;
				INFOPLIST_KEY_CFBundleDisplayName = Fruits;
				INFOPLIST_KEY_LSApplicationCategoryType = "public.app-category.entertainment";
				INFOPLIST_KEY_UIApplicationSceneManifest_Generation = YES;
				INFOPLIST_KEY_UIApplicationSupportsIndirectInputEvents = YES;
				INFOPLIST_KEY_UILaunchScreen_Generation = YES;
				INFOPLIST_KEY_UISupportedInterfaceOrientations = UIInterfaceOrientationPortrait;
				INFOPLIST_KEY_UISupportedInterfaceOrientations_iPad = "UIInterfaceOrientationPortrait UIInterfaceOrientationPortraitUpsideDown";
				IPHONEOS_DEPLOYMENT_TARGET = 16.0;
				LD_RUNPATH_SEARCH_PATHS = (
					"$(inherited)",
					"@executable_path/Frameworks",
				);
				MARKETING_VERSION = 1.0;
				PRODUCT_BUNDLE_IDENTIFIER = "com.nitin.SwiftUI-FruitsApp";
				PRODUCT_NAME = "$(TARGET_NAME)";
				SWIFT_EMIT_LOC_STRINGS = YES;
				SWIFT_VERSION = 5.0;
				TARGETED_DEVICE_FAMILY = "1,2";
			};
			name = Debug;
		};
		C7BB9F1329365701005C0D09 /* Release */ = {
			isa = XCBuildConfiguration;
			buildSettings = {
				ASSETCATALOG_COMPILER_APPICON_NAME = AppIcon;
				ASSETCATALOG_COMPILER_GLOBAL_ACCENT_COLOR_NAME = AccentColor;
				CODE_SIGN_STYLE = Automatic;
				CURRENT_PROJECT_VERSION = 1;
				DEVELOPMENT_ASSET_PATHS = "\"SwiftUI-FruitsApp/Preview Content\"";
				DEVELOPMENT_TEAM = SV2VAC6NH9;
				ENABLE_PREVIEWS = YES;
				GENERATE_INFOPLIST_FILE = YES;
				INFOPLIST_KEY_CFBundleDisplayName = Fruits;
				INFOPLIST_KEY_LSApplicationCategoryType = "public.app-category.entertainment";
				INFOPLIST_KEY_UIApplicationSceneManifest_Generation = YES;
				INFOPLIST_KEY_UIApplicationSupportsIndirectInputEvents = YES;
				INFOPLIST_KEY_UILaunchScreen_Generation = YES;
				INFOPLIST_KEY_UISupportedInterfaceOrientations = UIInterfaceOrientationPortrait;
				INFOPLIST_KEY_UISupportedInterfaceOrientations_iPad = "UIInterfaceOrientationPortrait UIInterfaceOrientationPortraitUpsideDown";
				IPHONEOS_DEPLOYMENT_TARGET = 16.0;
				LD_RUNPATH_SEARCH_PATHS = (
					"$(inherited)",
					"@executable_path/Frameworks",
				);
				MARKETING_VERSION = 1.0;
				PRODUCT_BUNDLE_IDENTIFIER = "com.nitin.SwiftUI-FruitsApp";
				PRODUCT_NAME = "$(TARGET_NAME)";
				SWIFT_EMIT_LOC_STRINGS = YES;
				SWIFT_VERSION = 5.0;
				TARGETED_DEVICE_FAMILY = "1,2";
			};
			name = Release;
		};
/* End XCBuildConfiguration section */

/* Begin XCConfigurationList section */
		C7BB9EFE293656FF005C0D09 /* Build configuration list for PBXProject "SwiftUI-FruitsApp" */ = {
			isa = XCConfigurationList;
			buildConfigurations = (
				C7BB9F0F29365701005C0D09 /* Debug */,
				C7BB9F1029365701005C0D09 /* Release */,
			);
			defaultConfigurationIsVisible = 0;
			defaultConfigurationName = Release;
		};
		C7BB9F1129365701005C0D09 /* Build configuration list for PBXNativeTarget "SwiftUI-FruitsApp" */ = {
			isa = XCConfigurationList;
			buildConfigurations = (
				C7BB9F1229365701005C0D09 /* Debug */,
				C7BB9F1329365701005C0D09 /* Release */,
			);
			defaultConfigurationIsVisible = 0;
			defaultConfigurationName = Release;
		};
/* End XCConfigurationList section */
	};
	rootObject = C7BB9EFB293656FF005C0D09 /* Project object */;
}
